
Microsoft Visual Studio Solution File, Format Version 12.00
# Visual Studio Version 17
VisualStudioVersion = 17.3.32825.248
MinimumVisualStudioVersion = 10.0.40219.1
Project("{FAE04EC0-301F-11D3-BF4B-00C04F79EFBC}") = "Lista2Ex3", "Lista2Ex3\Lista2Ex3.csproj", "{1A59346E-6865-440A-9741-6729936EA50F}"
EndProject
Global
	GlobalSection(SolutionConfigurationPlatforms) = preSolution
		Debug|Any CPU = Debug|Any CPU
		Release|Any CPU = Release|Any CPU
	EndGlobalSection
	GlobalSection(ProjectConfigurationPlatforms) = postSolution
		{1A59346E-6865-440A-9741-6729936EA50F}.Debug|Any CPU.ActiveCfg = Debug|Any CPU
		{1A59346E-6865-440A-9741-6729936EA50F}.Debug|Any CPU.Build.0 = Debug|Any CPU
		{1A59346E-6865-440A-9741-6729936EA50F}.Release|Any CPU.ActiveCfg = Release|Any CPU
		{1A59346E-6865-440A-9741-6729936EA50F}.Release|Any CPU.Build.0 = Release|Any CPU
	EndGlobalSection
	GlobalSection(SolutionProperties) = preSolution
		HideSolutionNode = FALSE
	EndGlobalSection
	GlobalSection(ExtensibilityGlobals) = postSolution
		SolutionGuid = {FA290698-2216-4697-81EB-25DB0FCB5463}
	EndGlobalSection
EndGlobal
